// !$*UTF8*$!
{
	archiveVersion = 1;
	classes = {
	};
	objectVersion = 50;
	objects = {

/* Begin PBXBuildFile section */
		377E9DF826A053F50069DC29 /* AppDelegate.m in Sources */ = {isa = PBXBuildFile; fileRef = 377E9DF726A053F50069DC29 /* AppDelegate.m */; };
		377E9DFB26A053F50069DC29 /* SceneDelegate.m in Sources */ = {isa = PBXBuildFile; fileRef = 377E9DFA26A053F50069DC29 /* SceneDelegate.m */; };
		377E9DFE26A053F50069DC29 /* ViewController.m in Sources */ = {isa = PBXBuildFile; fileRef = 377E9DFD26A053F50069DC29 /* ViewController.m */; };
		377E9E0126A053F50069DC29 /* Main.storyboard in Resources */ = {isa = PBXBuildFile; fileRef = 377E9DFF26A053F50069DC29 /* Main.storyboard */; };
		377E9E0326A053F90069DC29 /* Assets.xcassets in Resources */ = {isa = PBXBuildFile; fileRef = 377E9E0226A053F90069DC29 /* Assets.xcassets */; };
		377E9E0626A053F90069DC29 /* LaunchScreen.storyboard in Resources */ = {isa = PBXBuildFile; fileRef = 377E9E0426A053F90069DC29 /* LaunchScreen.storyboard */; };
		377E9E0926A053F90069DC29 /* main.m in Sources */ = {isa = PBXBuildFile; fileRef = 377E9E0826A053F90069DC29 /* main.m */; };
		377E9E1326A053F90069DC29 /* NM_TestCaseTests.m in Sources */ = {isa = PBXBuildFile; fileRef = 377E9E1226A053F90069DC29 /* NM_TestCaseTests.m */; };
		377E9E1E26A053F90069DC29 /* NM_TestCaseUITests.m in Sources */ = {isa = PBXBuildFile; fileRef = 377E9E1D26A053F90069DC29 /* NM_TestCaseUITests.m */; };
/* End PBXBuildFile section */

/* Begin PBXContainerItemProxy section */
		377E9E0F26A053F90069DC29 /* PBXContainerItemProxy */ = {
			isa = PBXContainerItemProxy;
			containerPortal = 377E9DEB26A053F50069DC29 /* Project object */;
			proxyType = 1;
			remoteGlobalIDString = 377E9DF226A053F50069DC29;
			remoteInfo = NM_TestCase;
		};
		377E9E1A26A053F90069DC29 /* PBXContainerItemProxy */ = {
			isa = PBXContainerItemProxy;
			containerPortal = 377E9DEB26A053F50069DC29 /* Project object */;
			proxyType = 1;
			remoteGlobalIDString = 377E9DF226A053F50069DC29;
			remoteInfo = NM_TestCase;
		};
/* End PBXContainerItemProxy section */

/* Begin PBXFileReference section */
		377E9DF326A053F50069DC29 /* NM_TestCase.app */ = {isa = PBXFileReference; explicitFileType = wrapper.application; includeInIndex = 0; path = NM_TestCase.app; sourceTree = BUILT_PRODUCTS_DIR; };
		377E9DF626A053F50069DC29 /* AppDelegate.h */ = {isa = PBXFileReference; lastKnownFileType = sourcecode.c.h; path = AppDelegate.h; sourceTree = "<group>"; };
		377E9DF726A053F50069DC29 /* AppDelegate.m */ = {isa = PBXFileReference; lastKnownFileType = sourcecode.c.objc; path = AppDelegate.m; sourceTree = "<group>"; };
		377E9DF926A053F50069DC29 /* SceneDelegate.h */ = {isa = PBXFileReference; lastKnownFileType = sourcecode.c.h; path = SceneDelegate.h; sourceTree = "<group>"; };
		377E9DFA26A053F50069DC29 /* SceneDelegate.m */ = {isa = PBXFileReference; lastKnownFileType = sourcecode.c.objc; path = SceneDelegate.m; sourceTree = "<group>"; };
		377E9DFC26A053F50069DC29 /* ViewController.h */ = {isa = PBXFileReference; lastKnownFileType = sourcecode.c.h; path = ViewController.h; sourceTree = "<group>"; };
		377E9DFD26A053F50069DC29 /* ViewController.m */ = {isa = PBXFileReference; lastKnownFileType = sourcecode.c.objc; path = ViewController.m; sourceTree = "<group>"; };
		377E9E0026A053F50069DC29 /* Base */ = {isa = PBXFileReference; lastKnownFileType = file.storyboard; name = Base; path = Base.lproj/Main.storyboard; sourceTree = "<group>"; };
		377E9E0226A053F90069DC29 /* Assets.xcassets */ = {isa = PBXFileReference; lastKnownFileType = folder.assetcatalog; path = Assets.xcassets; sourceTree = "<group>"; };
		377E9E0526A053F90069DC29 /* Base */ = {isa = PBXFileReference; lastKnownFileType = file.storyboard; name = Base; path = Base.lproj/LaunchScreen.storyboard; sourceTree = "<group>"; };
		377E9E0726A053F90069DC29 /* Info.plist */ = {isa = PBXFileReference; lastKnownFileType = text.plist.xml; path = Info.plist; sourceTree = "<group>"; };
		377E9E0826A053F90069DC29 /* main.m */ = {isa = PBXFileReference; lastKnownFileType = sourcecode.c.objc; path = main.m; sourceTree = "<group>"; };
		377E9E0E26A053F90069DC29 /* NM_TestCaseTests.xctest */ = {isa = PBXFileReference; explicitFileType = wrapper.cfbundle; includeInIndex = 0; path = NM_TestCaseTests.xctest; sourceTree = BUILT_PRODUCTS_DIR; };
		377E9E1226A053F90069DC29 /* NM_TestCaseTests.m */ = {isa = PBXFileReference; lastKnownFileType = sourcecode.c.objc; path = NM_TestCaseTests.m; sourceTree = "<group>"; };
		377E9E1426A053F90069DC29 /* Info.plist */ = {isa = PBXFileReference; lastKnownFileType = text.plist.xml; path = Info.plist; sourceTree = "<group>"; };
		377E9E1926A053F90069DC29 /* NM_TestCaseUITests.xctest */ = {isa = PBXFileReference; explicitFileType = wrapper.cfbundle; includeInIndex = 0; path = NM_TestCaseUITests.xctest; sourceTree = BUILT_PRODUCTS_DIR; };
		377E9E1D26A053F90069DC29 /* NM_TestCaseUITests.m */ = {isa = PBXFileReference; lastKnownFileType = sourcecode.c.objc; path = NM_TestCaseUITests.m; sourceTree = "<group>"; };
		377E9E1F26A053F90069DC29 /* Info.plist */ = {isa = PBXFileReference; lastKnownFileType = text.plist.xml; path = Info.plist; sourceTree = "<group>"; };
/* End PBXFileReference section */

/* Begin PBXFrameworksBuildPhase section */
		377E9DF026A053F50069DC29 /* Frameworks */ = {
			isa = PBXFrameworksBuildPhase;
			buildActionMask = 2147483647;
			files = (
			);
			runOnlyForDeploymentPostprocessing = 0;
		};
		377E9E0B26A053F90069DC29 /* Frameworks */ = {
			isa = PBXFrameworksBuildPhase;
			buildActionMask = 2147483647;
			files = (
			);
			runOnlyForDeploymentPostprocessing = 0;
		};
		377E9E1626A053F90069DC29 /* Frameworks */ = {
			isa = PBXFrameworksBuildPhase;
			buildActionMask = 2147483647;
			files = (
			);
			runOnlyForDeploymentPostprocessing = 0;
		};
/* End PBXFrameworksBuildPhase section */

/* Begin PBXGroup section */
		377E9DEA26A053F50069DC29 = {
			isa = PBXGroup;
			children = (
				377E9DF526A053F50069DC29 /* NM_TestCase */,
				377E9E1126A053F90069DC29 /* NM_TestCaseTests */,
				377E9E1C26A053F90069DC29 /* NM_TestCaseUITests */,
				377E9DF426A053F50069DC29 /* Products */,
			);
			sourceTree = "<group>";
		};
		377E9DF426A053F50069DC29 /* Products */ = {
			isa = PBXGroup;
			children = (
				377E9DF326A053F50069DC29 /* NM_TestCase.app */,
				377E9E0E26A053F90069DC29 /* NM_TestCaseTests.xctest */,
				377E9E1926A053F90069DC29 /* NM_TestCaseUITests.xctest */,
			);
			name = Products;
			sourceTree = "<group>";
		};
		377E9DF526A053F50069DC29 /* NM_TestCase */ = {
			isa = PBXGroup;
			children = (
				377E9DF626A053F50069DC29 /* AppDelegate.h */,
				377E9DF726A053F50069DC29 /* AppDelegate.m */,
				377E9DF926A053F50069DC29 /* SceneDelegate.h */,
				377E9DFA26A053F50069DC29 /* SceneDelegate.m */,
				377E9DFC26A053F50069DC29 /* ViewController.h */,
				377E9DFD26A053F50069DC29 /* ViewController.m */,
				377E9DFF26A053F50069DC29 /* Main.storyboard */,
				377E9E0226A053F90069DC29 /* Assets.xcassets */,
				377E9E0426A053F90069DC29 /* LaunchScreen.storyboard */,
				377E9E0726A053F90069DC29 /* Info.plist */,
				377E9E0826A053F90069DC29 /* main.m */,
			);
			path = NM_TestCase;
			sourceTree = "<group>";
		};
		377E9E1126A053F90069DC29 /* NM_TestCaseTests */ = {
			isa = PBXGroup;
			children = (
				377E9E1226A053F90069DC29 /* NM_TestCaseTests.m */,
				377E9E1426A053F90069DC29 /* Info.plist */,
			);
			path = NM_TestCaseTests;
			sourceTree = "<group>";
		};
		377E9E1C26A053F90069DC29 /* NM_TestCaseUITests */ = {
			isa = PBXGroup;
			children = (
				377E9E1D26A053F90069DC29 /* NM_TestCaseUITests.m */,
				377E9E1F26A053F90069DC29 /* Info.plist */,
			);
			path = NM_TestCaseUITests;
			sourceTree = "<group>";
		};
/* End PBXGroup section */

/* Begin PBXNativeTarget section */
		377E9DF226A053F50069DC29 /* NM_TestCase */ = {
			isa = PBXNativeTarget;
			buildConfigurationList = 377E9E2226A053F90069DC29 /* Build configuration list for PBXNativeTarget "NM_TestCase" */;
			buildPhases = (
				377E9DEF26A053F50069DC29 /* Sources */,
				377E9DF026A053F50069DC29 /* Frameworks */,
				377E9DF126A053F50069DC29 /* Resources */,
			);
			buildRules = (
			);
			dependencies = (
			);
			name = NM_TestCase;
			productName = NM_TestCase;
			productReference = 377E9DF326A053F50069DC29 /* NM_TestCase.app */;
			productType = "com.apple.product-type.application";
		};
		377E9E0D26A053F90069DC29 /* NM_TestCaseTests */ = {
			isa = PBXNativeTarget;
			buildConfigurationList = 377E9E2526A053F90069DC29 /* Build configuration list for PBXNativeTarget "NM_TestCaseTests" */;
			buildPhases = (
				377E9E0A26A053F90069DC29 /* Sources */,
				377E9E0B26A053F90069DC29 /* Frameworks */,
				377E9E0C26A053F90069DC29 /* Resources */,
			);
			buildRules = (
			);
			dependencies = (
				377E9E1026A053F90069DC29 /* PBXTargetDependency */,
			);
			name = NM_TestCaseTests;
			productName = NM_TestCaseTests;
			productReference = 377E9E0E26A053F90069DC29 /* NM_TestCaseTests.xctest */;
			productType = "com.apple.product-type.bundle.unit-test";
		};
		377E9E1826A053F90069DC29 /* NM_TestCaseUITests */ = {
			isa = PBXNativeTarget;
			buildConfigurationList = 377E9E2826A053F90069DC29 /* Build configuration list for PBXNativeTarget "NM_TestCaseUITests" */;
			buildPhases = (
				377E9E1526A053F90069DC29 /* Sources */,
				377E9E1626A053F90069DC29 /* Frameworks */,
				377E9E1726A053F90069DC29 /* Resources */,
			);
			buildRules = (
			);
			dependencies = (
				377E9E1B26A053F90069DC29 /* PBXTargetDependency */,
			);
			name = NM_TestCaseUITests;
			productName = NM_TestCaseUITests;
			productReference = 377E9E1926A053F90069DC29 /* NM_TestCaseUITests.xctest */;
			productType = "com.apple.product-type.bundle.ui-testing";
		};
/* End PBXNativeTarget section */

/* Begin PBXProject section */
		377E9DEB26A053F50069DC29 /* Project object */ = {
			isa = PBXProject;
			attributes = {
				LastUpgradeCheck = 1250;
				TargetAttributes = {
					377E9DF226A053F50069DC29 = {
						CreatedOnToolsVersion = 12.5.1;
					};
					377E9E0D26A053F90069DC29 = {
						CreatedOnToolsVersion = 12.5.1;
						TestTargetID = 377E9DF226A053F50069DC29;
					};
					377E9E1826A053F90069DC29 = {
						CreatedOnToolsVersion = 12.5.1;
						TestTargetID = 377E9DF226A053F50069DC29;
					};
				};
			};
			buildConfigurationList = 377E9DEE26A053F50069DC29 /* Build configuration list for PBXProject "NM_TestCase" */;
			compatibilityVersion = "Xcode 9.3";
			developmentRegion = en;
			hasScannedForEncodings = 0;
			knownRegions = (
				en,
				Base,
			);
			mainGroup = 377E9DEA26A053F50069DC29;
			productRefGroup = 377E9DF426A053F50069DC29 /* Products */;
			projectDirPath = "";
			projectRoot = "";
			targets = (
				377E9DF226A053F50069DC29 /* NM_TestCase */,
				377E9E0D26A053F90069DC29 /* NM_TestCaseTests */,
				377E9E1826A053F90069DC29 /* NM_TestCaseUITests */,
			);
		};
/* End PBXProject section */

/* Begin PBXResourcesBuildPhase section */
		377E9DF126A053F50069DC29 /* Resources */ = {
			isa = PBXResourcesBuildPhase;
			buildActionMask = 2147483647;
			files = (
				377E9E0626A053F90069DC29 /* LaunchScreen.storyboard in Resources */,
				377E9E0326A053F90069DC29 /* Assets.xcassets in Resources */,
				377E9E0126A053F50069DC29 /* Main.storyboard in Resources */,
			);
			runOnlyForDeploymentPostprocessing = 0;
		};
		377E9E0C26A053F90069DC29 /* Resources */ = {
			isa = PBXResourcesBuildPhase;
			buildActionMask = 2147483647;
			files = (
			);
			runOnlyForDeploymentPostprocessing = 0;
		};
		377E9E1726A053F90069DC29 /* Resources */ = {
			isa = PBXResourcesBuildPhase;
			buildActionMask = 2147483647;
			files = (
			);
			runOnlyForDeploymentPostprocessing = 0;
		};
/* End PBXResourcesBuildPhase section */

/* Begin PBXSourcesBuildPhase section */
		377E9DEF26A053F50069DC29 /* Sources */ = {
			isa = PBXSourcesBuildPhase;
			buildActionMask = 2147483647;
			files = (
				377E9DFE26A053F50069DC29 /* ViewController.m in Sources */,
				377E9DF826A053F50069DC29 /* AppDelegate.m in Sources */,
				377E9E0926A053F90069DC29 /* main.m in Sources */,
				377E9DFB26A053F50069DC29 /* SceneDelegate.m in Sources */,
			);
			runOnlyForDeploymentPostprocessing = 0;
		};
		377E9E0A26A053F90069DC29 /* Sources */ = {
			isa = PBXSourcesBuildPhase;
			buildActionMask = 2147483647;
			files = (
				377E9E1326A053F90069DC29 /* NM_TestCaseTests.m in Sources */,
			);
			runOnlyForDeploymentPostprocessing = 0;
		};
		377E9E1526A053F90069DC29 /* Sources */ = {
			isa = PBXSourcesBuildPhase;
			buildActionMask = 2147483647;
			files = (
				377E9E1E26A053F90069DC29 /* NM_TestCaseUITests.m in Sources */,
			);
			runOnlyForDeploymentPostprocessing = 0;
		};
/* End PBXSourcesBuildPhase section */

/* Begin PBXTargetDependency section */
		377E9E1026A053F90069DC29 /* PBXTargetDependency */ = {
			isa = PBXTargetDependency;
			target = 377E9DF226A053F50069DC29 /* NM_TestCase */;
			targetProxy = 377E9E0F26A053F90069DC29 /* PBXContainerItemProxy */;
		};
		377E9E1B26A053F90069DC29 /* PBXTargetDependency */ = {
			isa = PBXTargetDependency;
			target = 377E9DF226A053F50069DC29 /* NM_TestCase */;
			targetProxy = 377E9E1A26A053F90069DC29 /* PBXContainerItemProxy */;
		};
/* End PBXTargetDependency section */

/* Begin PBXVariantGroup section */
		377E9DFF26A053F50069DC29 /* Main.storyboard */ = {
			isa = PBXVariantGroup;
			children = (
				377E9E0026A053F50069DC29 /* Base */,
			);
			name = Main.storyboard;
			sourceTree = "<group>";
		};
		377E9E0426A053F90069DC29 /* LaunchScreen.storyboard */ = {
			isa = PBXVariantGroup;
			children = (
				377E9E0526A053F90069DC29 /* Base */,
			);
			name = LaunchScreen.storyboard;
			sourceTree = "<group>";
		};
/* End PBXVariantGroup section */

/* Begin XCBuildConfiguration section */
		377E9E2026A053F90069DC29 /* Debug */ = {
			isa = XCBuildConfiguration;
			buildSettings = {
				ALWAYS_SEARCH_USER_PATHS = NO;
				CLANG_ANALYZER_NONNULL = YES;
				CLANG_ANALYZER_NUMBER_OBJECT_CONVERSION = YES_AGGRESSIVE;
				CLANG_CXX_LANGUAGE_STANDARD = "gnu++14";
				CLANG_CXX_LIBRARY = "libc++";
				CLANG_ENABLE_MODULES = YES;
				CLANG_ENABLE_OBJC_ARC = YES;
				CLANG_ENABLE_OBJC_WEAK = YES;
				CLANG_WARN_BLOCK_CAPTURE_AUTORELEASING = YES;
				CLANG_WARN_BOOL_CONVERSION = YES;
				CLANG_WARN_COMMA = YES;
				CLANG_WARN_CONSTANT_CONVERSION = YES;
				CLANG_WARN_DEPRECATED_OBJC_IMPLEMENTATIONS = YES;
				CLANG_WARN_DIRECT_OBJC_ISA_USAGE = YES_ERROR;
				CLANG_WARN_DOCUMENTATION_COMMENTS = YES;
				CLANG_WARN_EMPTY_BODY = YES;
				CLANG_WARN_ENUM_CONVERSION = YES;
				CLANG_WARN_INFINITE_RECURSION = YES;
				CLANG_WARN_INT_CONVERSION = YES;
				CLANG_WARN_NON_LITERAL_NULL_CONVERSION = YES;
				CLANG_WARN_OBJC_IMPLICIT_RETAIN_SELF = YES;
				CLANG_WARN_OBJC_LITERAL_CONVERSION = YES;
				CLANG_WARN_OBJC_ROOT_CLASS = YES_ERROR;
				CLANG_WARN_QUOTED_INCLUDE_IN_FRAMEWORK_HEADER = YES;
				CLANG_WARN_RANGE_LOOP_ANALYSIS = YES;
				CLANG_WARN_STRICT_PROTOTYPES = YES;
				CLANG_WARN_SUSPICIOUS_MOVE = YES;
				CLANG_WARN_UNGUARDED_AVAILABILITY = YES_AGGRESSIVE;
				CLANG_WARN_UNREACHABLE_CODE = YES;
				CLANG_WARN__DUPLICATE_METHOD_MATCH = YES;
				COPY_PHASE_STRIP = NO;
				DEBUG_INFORMATION_FORMAT = dwarf;
				ENABLE_STRICT_OBJC_MSGSEND = YES;
				ENABLE_TESTABILITY = YES;
				GCC_C_LANGUAGE_STANDARD = gnu11;
				GCC_DYNAMIC_NO_PIC = NO;
				GCC_NO_COMMON_BLOCKS = YES;
				GCC_OPTIMIZATION_LEVEL = 0;
				GCC_PREPROCESSOR_DEFINITIONS = (
					"DEBUG=1",
					"$(inherited)",
				);
				GCC_WARN_64_TO_32_BIT_CONVERSION = YES;
				GCC_WARN_ABOUT_RETURN_TYPE = YES_ERROR;
				GCC_WARN_UNDECLARED_SELECTOR = YES;
				GCC_WARN_UNINITIALIZED_AUTOS = YES_AGGRESSIVE;
				GCC_WARN_UNUSED_FUNCTION = YES;
				GCC_WARN_UNUSED_VARIABLE = YES;
				IPHONEOS_DEPLOYMENT_TARGET = 14.5;
				MTL_ENABLE_DEBUG_INFO = INCLUDE_SOURCE;
				MTL_FAST_MATH = YES;
				ONLY_ACTIVE_ARCH = YES;
				SDKROOT = iphoneos;
			};
			name = Debug;
		};
		377E9E2126A053F90069DC29 /* Release */ = {
			isa = XCBuildConfiguration;
			buildSettings = {
				ALWAYS_SEARCH_USER_PATHS = NO;
				CLANG_ANALYZER_NONNULL = YES;
				CLANG_ANALYZER_NUMBER_OBJECT_CONVERSION = YES_AGGRESSIVE;
				CLANG_CXX_LANGUAGE_STANDARD = "gnu++14";
				CLANG_CXX_LIBRARY = "libc++";
				CLANG_ENABLE_MODULES = YES;
				CLANG_ENABLE_OBJC_ARC = YES;
				CLANG_ENABLE_OBJC_WEAK = YES;
				CLANG_WARN_BLOCK_CAPTURE_AUTORELEASING = YES;
				CLANG_WARN_BOOL_CONVERSION = YES;
				CLANG_WARN_COMMA = YES;
				CLANG_WARN_CONSTANT_CONVERSION = YES;
				CLANG_WARN_DEPRECATED_OBJC_IMPLEMENTATIONS = YES;
				CLANG_WARN_DIRECT_OBJC_ISA_USAGE = YES_ERROR;
				CLANG_WARN_DOCUMENTATION_COMMENTS = YES;
				CLANG_WARN_EMPTY_BODY = YES;
				CLANG_WARN_ENUM_CONVERSION = YES;
				CLANG_WARN_INFINITE_RECURSION = YES;
				CLANG_WARN_INT_CONVERSION = YES;
				CLANG_WARN_NON_LITERAL_NULL_CONVERSION = YES;
				CLANG_WARN_OBJC_IMPLICIT_RETAIN_SELF = YES;
				CLANG_WARN_OBJC_LITERAL_CONVERSION = YES;
				CLANG_WARN_OBJC_ROOT_CLASS = YES_ERROR;
				CLANG_WARN_QUOTED_INCLUDE_IN_FRAMEWORK_HEADER = YES;
				CLANG_WARN_RANGE_LOOP_ANALYSIS = YES;
				CLANG_WARN_STRICT_PROTOTYPES = YES;
				CLANG_WARN_SUSPICIOUS_MOVE = YES;
				CLANG_WARN_UNGUARDED_AVAILABILITY = YES_AGGRESSIVE;
				CLANG_WARN_UNREACHABLE_CODE = YES;
				CLANG_WARN__DUPLICATE_METHOD_MATCH = YES;
				COPY_PHASE_STRIP = NO;
				DEBUG_INFORMATION_FORMAT = "dwarf-with-dsym";
				ENABLE_NS_ASSERTIONS = NO;
				ENABLE_STRICT_OBJC_MSGSEND = YES;
				GCC_C_LANGUAGE_STANDARD = gnu11;
				GCC_NO_COMMON_BLOCKS = YES;
				GCC_WARN_64_TO_32_BIT_CONVERSION = YES;
				GCC_WARN_ABOUT_RETURN_TYPE = YES_ERROR;
				GCC_WARN_UNDECLARED_SELECTOR = YES;
				GCC_WARN_UNINITIALIZED_AUTOS = YES_AGGRESSIVE;
				GCC_WARN_UNUSED_FUNCTION = YES;
				GCC_WARN_UNUSED_VARIABLE = YES;
				IPHONEOS_DEPLOYMENT_TARGET = 14.5;
				MTL_ENABLE_DEBUG_INFO = NO;
				MTL_FAST_MATH = YES;
				SDKROOT = iphoneos;
				VALIDATE_PRODUCT = YES;
			};
			name = Release;
		};
		377E9E2326A053F90069DC29 /* Debug */ = {
			isa = XCBuildConfiguration;
			buildSettings = {
				ASSETCATALOG_COMPILER_APPICON_NAME = AppIcon;
				ASSETCATALOG_COMPILER_GLOBAL_ACCENT_COLOR_NAME = AccentColor;
				CODE_SIGN_STYLE = Automatic;
				DEVELOPMENT_TEAM = LVZFQM56U9;
				INFOPLIST_FILE = NM_TestCase/Info.plist;
				LD_RUNPATH_SEARCH_PATHS = (
					"$(inherited)",
					"@executable_path/Frameworks",
				);
				PRODUCT_BUNDLE_IDENTIFIER = "zcm.NM-TestCase";
				PRODUCT_NAME = "$(TARGET_NAME)";
				TARGETED_DEVICE_FAMILY = "1,2";
			};
			name = Debug;
		};
		377E9E2426A053F90069DC29 /* Release */ = {
			isa = XCBuildConfiguration;
			buildSettings = {
				ASSETCATALOG_COMPILER_APPICON_NAME = AppIcon;
				ASSETCATALOG_COMPILER_GLOBAL_ACCENT_COLOR_NAME = AccentColor;
				CODE_SIGN_STYLE = Automatic;
				DEVELOPMENT_TEAM = LVZFQM56U9;
				INFOPLIST_FILE = NM_TestCase/Info.plist;
				LD_RUNPATH_SEARCH_PATHS = (
					"$(inherited)",
					"@executable_path/Frameworks",
				);
				PRODUCT_BUNDLE_IDENTIFIER = "zcm.NM-TestCase";
				PRODUCT_NAME = "$(TARGET_NAME)";
				TARGETED_DEVICE_FAMILY = "1,2";
			};
			name = Release;
		};
		377E9E2626A053F90069DC29 /* Debug */ = {
			isa = XCBuildConfiguration;
			buildSettings = {
				BUNDLE_LOADER = "$(TEST_HOST)";
				CODE_SIGN_STYLE = Automatic;
				DEVELOPMENT_TEAM = LVZFQM56U9;
				INFOPLIST_FILE = NM_TestCaseTests/Info.plist;
				IPHONEOS_DEPLOYMENT_TARGET = 14.5;
				LD_RUNPATH_SEARCH_PATHS = (
					"$(inherited)",
					"@executable_path/Frameworks",
					"@loader_path/Frameworks",
				);
				PRODUCT_BUNDLE_IDENTIFIER = "zcm.NM-TestCaseTests";
				PRODUCT_NAME = "$(TARGET_NAME)";
				TARGETED_DEVICE_FAMILY = "1,2";
				TEST_HOST = "$(BUILT_PRODUCTS_DIR)/NM_TestCase.app/NM_TestCase";
			};
			name = Debug;
		};
		377E9E2726A053F90069DC29 /* Release */ = {
			isa = XCBuildConfiguration;
			buildSettings = {
				BUNDLE_LOADER = "$(TEST_HOST)";
				CODE_SIGN_STYLE = Automatic;
				DEVELOPMENT_TEAM = LVZFQM56U9;
				INFOPLIST_FILE = NM_TestCaseTests/Info.plist;
				IPHONEOS_DEPLOYMENT_TARGET = 14.5;
				LD_RUNPATH_SEARCH_PATHS = (
					"$(inherited)",
					"@executable_path/Frameworks",
					"@loader_path/Frameworks",
				);
				PRODUCT_BUNDLE_IDENTIFIER = "zcm.NM-TestCaseTests";
				PRODUCT_NAME = "$(TARGET_NAME)";
				TARGETED_DEVICE_FAMILY = "1,2";
				TEST_HOST = "$(BUILT_PRODUCTS_DIR)/NM_TestCase.app/NM_TestCase";
			};
			name = Release;
		};
		377E9E2926A053F90069DC29 /* Debug */ = {
			isa = XCBuildConfiguration;
			buildSettings = {
				CODE_SIGN_STYLE = Automatic;
				DEVELOPMENT_TEAM = LVZFQM56U9;
				INFOPLIST_FILE = NM_TestCaseUITests/Info.plist;
				LD_RUNPATH_SEARCH_PATHS = (
					"$(inherited)",
					"@executable_path/Frameworks",
					"@loader_path/Frameworks",
				);
				PRODUCT_BUNDLE_IDENTIFIER = "zcm.NM-TestCaseUITests";
				PRODUCT_NAME = "$(TARGET_NAME)";
				TARGETED_DEVICE_FAMILY = "1,2";
				TEST_TARGET_NAME = NM_TestCase;
			};
			name = Debug;
		};
		377E9E2A26A053F90069DC29 /* Release */ = {
			isa = XCBuildConfiguration;
			buildSettings = {
				CODE_SIGN_STYLE = Automatic;
				DEVELOPMENT_TEAM = LVZFQM56U9;
				INFOPLIST_FILE = NM_TestCaseUITests/Info.plist;
				LD_RUNPATH_SEARCH_PATHS = (
					"$(inherited)",
					"@executable_path/Frameworks",
					"@loader_path/Frameworks",
				);
				PRODUCT_BUNDLE_IDENTIFIER = "zcm.NM-TestCaseUITests";
				PRODUCT_NAME = "$(TARGET_NAME)";
				TARGETED_DEVICE_FAMILY = "1,2";
				TEST_TARGET_NAME = NM_TestCase;
			};
			name = Release;
		};
/* End XCBuildConfiguration section */

/* Begin XCConfigurationList section */
		377E9DEE26A053F50069DC29 /* Build configuration list for PBXProject "NM_TestCase" */ = {
			isa = XCConfigurationList;
			buildConfigurations = (
				377E9E2026A053F90069DC29 /* Debug */,
				377E9E2126A053F90069DC29 /* Release */,
			);
			defaultConfigurationIsVisible = 0;
			defaultConfigurationName = Release;
		};
		377E9E2226A053F90069DC29 /* Build configuration list for PBXNativeTarget "NM_TestCase" */ = {
			isa = XCConfigurationList;
			buildConfigurations = (
				377E9E2326A053F90069DC29 /* Debug */,
				377E9E2426A053F90069DC29 /* Release */,
			);
			defaultConfigurationIsVisible = 0;
			defaultConfigurationName = Release;
		};
		377E9E2526A053F90069DC29 /* Build configuration list for PBXNativeTarget "NM_TestCaseTests" */ = {
			isa = XCConfigurationList;
			buildConfigurations = (
				377E9E2626A053F90069DC29 /* Debug */,
				377E9E2726A053F90069DC29 /* Release */,
			);
			defaultConfigurationIsVisible = 0;
			defaultConfigurationName = Release;
		};
		377E9E2826A053F90069DC29 /* Build configuration list for PBXNativeTarget "NM_TestCaseUITests" */ = {
			isa = XCConfigurationList;
			buildConfigurations = (
				377E9E2926A053F90069DC29 /* Debug */,
				377E9E2A26A053F90069DC29 /* Release */,
			);
			defaultConfigurationIsVisible = 0;
			defaultConfigurationName = Release;
		};
/* End XCConfigurationList section */
	};
	rootObject = 377E9DEB26A053F50069DC29 /* Project object */;
}
